<?xml version="1.0"?>
<Project ToolsVersion="4.0" xmlns="http://schemas.microsoft.com/developer/msbuild/2003">
	<ItemGroup>
		<ClCompile Include="src\ofApp.cpp">
			<Filter>src</Filter>
		</ClCompile>
		<ClCompile Include="src\main.cpp">
			<Filter>src</Filter>
		</ClCompile>
		<ClCompile Include="src\Gumball.cpp">
			<Filter>src</Filter>
		</ClCompile>
		<ClCompile Include="src\main.cpp">
			<Filter>src</Filter>
		</ClCompile>
		<ClCompile Include="src\ofApp.cpp">
			<Filter>src</Filter>
		</ClCompile>
		<ClCompile Include="src\VDB.cpp">
			<Filter>src</Filter>
		</ClCompile>
		<ClCompile Include="..\..\..\addons\ofxDatGui\src\core\ofxDatGuiComponent.cpp">
			<Filter>addons\ofxDatGui\src\core</Filter>
		</ClCompile>
		<ClCompile Include="..\..\..\addons\ofxDatGui\src\ofxDatGui.cpp">
			<Filter>addons\ofxDatGui\src</Filter>
		</ClCompile>
		<ClCompile Include="..\..\..\addons\ofxDatGui\src\templates\ofxDatGuiTemplate.cpp">
			<Filter>addons\ofxDatGui\src\templates</Filter>
		</ClCompile>
		<ClCompile Include="..\..\..\addons\ofxGui\src\ofxBaseGui.cpp">
			<Filter>addons\ofxGui\src</Filter>
		</ClCompile>
		<ClCompile Include="..\..\..\addons\ofxGui\src\ofxButton.cpp">
			<Filter>addons\ofxGui\src</Filter>
		</ClCompile>
		<ClCompile Include="..\..\..\addons\ofxGui\src\ofxGuiGroup.cpp">
			<Filter>addons\ofxGui\src</Filter>
		</ClCompile>
		<ClCompile Include="..\..\..\addons\ofxGui\src\ofxLabel.cpp">
			<Filter>addons\ofxGui\src</Filter>
		</ClCompile>
		<ClCompile Include="..\..\..\addons\ofxGui\src\ofxPanel.cpp">
			<Filter>addons\ofxGui\src</Filter>
		</ClCompile>
		<ClCompile Include="..\..\..\addons\ofxGui\src\ofxSlider.cpp">
			<Filter>addons\ofxGui\src</Filter>
		</ClCompile>
		<ClCompile Include="..\..\..\addons\ofxGui\src\ofxSliderGroup.cpp">
			<Filter>addons\ofxGui\src</Filter>
		</ClCompile>
		<ClCompile Include="..\..\..\addons\ofxGui\src\ofxToggle.cpp">
			<Filter>addons\ofxGui\src</Filter>
		</ClCompile>
	</ItemGroup>
	<ItemGroup>
		<Filter Include="src">
			<UniqueIdentifier>{d8376475-7454-4a24-b08a-aac121d3ad6f}</UniqueIdentifier>
		</Filter>
		<Filter Include="addons">
			<UniqueIdentifier>{71834F65-F3A9-211E-73B8-DC85}</UniqueIdentifier>
		</Filter>
		<Filter Include="addons\ofxDatGui">
			<UniqueIdentifier>{B36B06DF-1AA4-00D4-5A1B-6893}</UniqueIdentifier>
		</Filter>
		<Filter Include="addons\ofxDatGui\src">
			<UniqueIdentifier>{CAA2E9BA-611F-99B2-780A-B8BA}</UniqueIdentifier>
		</Filter>
		<Filter Include="addons\ofxDatGui\src\components">
			<UniqueIdentifier>{8EFE15E2-401E-A657-3818-AD66}</UniqueIdentifier>
		</Filter>
		<Filter Include="addons\ofxDatGui\src\core">
			<UniqueIdentifier>{6835CAB6-404A-D3AD-148B-CD60}</UniqueIdentifier>
		</Filter>
		<Filter Include="addons\ofxDatGui\src\templates">
			<UniqueIdentifier>{C89886A3-9FF4-AD67-CDF1-6996}</UniqueIdentifier>
		</Filter>
		<Filter Include="addons\ofxGui">
			<UniqueIdentifier>{4F2A59AF-5F4E-704B-D067-EC13}</UniqueIdentifier>
		</Filter>
		<Filter Include="addons\ofxGui\src">
			<UniqueIdentifier>{645E9533-4DCD-6179-1CDF-CB65}</UniqueIdentifier>
		</Filter>
	</ItemGroup>
	<ItemGroup>
		<ClInclude Include="src\ofApp.h">
			<Filter>src</Filter>
		</ClInclude>
		<ClInclude Include="src\Gumball.h">
			<Filter>src</Filter>
		</ClInclude>
		<ClInclude Include="src\LevelSetCapsule.h">
			<Filter>src</Filter>
		</ClInclude>
		<ClInclude Include="src\ofApp.h">
			<Filter>src</Filter>
		</ClInclude>
		<ClInclude Include="src\VDB.h">
			<Filter>src</Filter>
		</ClInclude>
		<ClInclude Include="..\..\..\addons\ofxDatGui\src\components\ofxDatGui2dPad.h">
			<Filter>addons\ofxDatGui\src\components</Filter>
		</ClInclude>
		<ClInclude Include="..\..\..\addons\ofxDatGui\src\components\ofxDatGuiButton.h">
			<Filter>addons\ofxDatGui\src\components</Filter>
		</ClInclude>
		<ClInclude Include="..\..\..\addons\ofxDatGui\src\components\ofxDatGuiColorPicker.h">
			<Filter>addons\ofxDatGui\src\components</Filter>
		</ClInclude>
		<ClInclude Include="..\..\..\addons\ofxDatGui\src\components\ofxDatGuiControls.h">
			<Filter>addons\ofxDatGui\src\components</Filter>
		</ClInclude>
		<ClInclude Include="..\..\..\addons\ofxDatGui\src\components\ofxDatGuiFRM.h">
			<Filter>addons\ofxDatGui\src\components</Filter>
		</ClInclude>
		<ClInclude Include="..\..\..\addons\ofxDatGui\src\components\ofxDatGuiGroups.h">
			<Filter>addons\ofxDatGui\src\components</Filter>
		</ClInclude>
		<ClInclude Include="..\..\..\addons\ofxDatGui\src\components\ofxDatGuiLabel.h">
			<Filter>addons\ofxDatGui\src\components</Filter>
		</ClInclude>
		<ClInclude Include="..\..\..\addons\ofxDatGui\src\components\ofxDatGuiMatrix.h">
			<Filter>addons\ofxDatGui\src\components</Filter>
		</ClInclude>
		<ClInclude Include="..\..\..\addons\ofxDatGui\src\components\ofxDatGuiSlider.h">
			<Filter>addons\ofxDatGui\src\components</Filter>
		</ClInclude>
		<ClInclude Include="..\..\..\addons\ofxDatGui\src\components\ofxDatGuiTextInput.h">
			<Filter>addons\ofxDatGui\src\components</Filter>
		</ClInclude>
		<ClInclude Include="..\..\..\addons\ofxDatGui\src\components\ofxDatGuiTextInputField.h">
			<Filter>addons\ofxDatGui\src\components</Filter>
		</ClInclude>
		<ClInclude Include="..\..\..\addons\ofxDatGui\src\components\ofxDatGuiTimeGraph.h">
			<Filter>addons\ofxDatGui\src\components</Filter>
		</ClInclude>
		<ClInclude Include="..\..\..\addons\ofxDatGui\src\core\ofxDatGuiComponent.h">
			<Filter>addons\ofxDatGui\src\core</Filter>
		</ClInclude>
		<ClInclude Include="..\..\..\addons\ofxDatGui\src\core\ofxDatGuiConstants.h">
			<Filter>addons\ofxDatGui\src\core</Filter>
		</ClInclude>
		<ClInclude Include="..\..\..\addons\ofxDatGui\src\core\ofxDatGuiEvents.h">
			<Filter>addons\ofxDatGui\src\core</Filter>
		</ClInclude>
		<ClInclude Include="..\..\..\addons\ofxDatGui\src\core\ofxDatGuiFont.h">
			<Filter>addons\ofxDatGui\src\core</Filter>
		</ClInclude>
		<ClInclude Include="..\..\..\addons\ofxDatGui\src\core\ofxDatGuiIntObject.h">
			<Filter>addons\ofxDatGui\src\core</Filter>
		</ClInclude>
		<ClInclude Include="..\..\..\addons\ofxDatGui\src\ofxDatGui.h">
			<Filter>addons\ofxDatGui\src</Filter>
		</ClInclude>
		<ClInclude Include="..\..\..\addons\ofxDatGui\src\templates\ofxDatGuiTemplate.h">
			<Filter>addons\ofxDatGui\src\templates</Filter>
		</ClInclude>
		<ClInclude Include="..\..\..\addons\ofxDatGui\src\templates\ofxDatGuiTemplates.h">
			<Filter>addons\ofxDatGui\src\templates</Filter>
		</ClInclude>
		<ClInclude Include="..\..\..\addons\ofxGui\src\ofxBaseGui.h">
			<Filter>addons\ofxGui\src</Filter>
		</ClInclude>
		<ClInclude Include="..\..\..\addons\ofxGui\src\ofxButton.h">
			<Filter>addons\ofxGui\src</Filter>
		</ClInclude>
		<ClInclude Include="..\..\..\addons\ofxGui\src\ofxGui.h">
			<Filter>addons\ofxGui\src</Filter>
		</ClInclude>
		<ClInclude Include="..\..\..\addons\ofxGui\src\ofxGuiGroup.h">
			<Filter>addons\ofxGui\src</Filter>
		</ClInclude>
		<ClInclude Include="..\..\..\addons\ofxGui\src\ofxLabel.h">
			<Filter>addons\ofxGui\src</Filter>
		</ClInclude>
		<ClInclude Include="..\..\..\addons\ofxGui\src\ofxPanel.h">
			<Filter>addons\ofxGui\src</Filter>
		</ClInclude>
		<ClInclude Include="..\..\..\addons\ofxGui\src\ofxSlider.h">
			<Filter>addons\ofxGui\src</Filter>
		</ClInclude>
		<ClInclude Include="..\..\..\addons\ofxGui\src\ofxSliderGroup.h">
			<Filter>addons\ofxGui\src</Filter>
		</ClInclude>
		<ClInclude Include="..\..\..\addons\ofxGui\src\ofxToggle.h">
			<Filter>addons\ofxGui\src</Filter>
		</ClInclude>
	</ItemGroup>
	<ItemGroup>
		<ResourceCompile Include="icon.rc" />
	</ItemGroup>
</Project>
